
Microsoft Visual Studio Solution File, Format Version 12.00
# Visual Studio Version 17
VisualStudioVersion = 17.10.34928.147
MinimumVisualStudioVersion = 10.0.40219.1
Project("{FAE04EC0-301F-11D3-BF4B-00C04F79EFBC}") = "WpfApp2", "WpfApp2.csproj", "{59D6CE8D-56CD-4279-A68D-FD8309793287}"
EndProject
Global
	GlobalSection(SolutionConfigurationPlatforms) = preSolution
		Debug|Any CPU = Debug|Any CPU
		Release|Any CPU = Release|Any CPU
	EndGlobalSection
	GlobalSection(ProjectConfigurationPlatforms) = postSolution
		{59D6CE8D-56CD-4279-A68D-FD8309793287}.Debug|Any CPU.ActiveCfg = Debug|Any CPU
		{59D6CE8D-56CD-4279-A68D-FD8309793287}.Debug|Any CPU.Build.0 = Debug|Any CPU
		{59D6CE8D-56CD-4279-A68D-FD8309793287}.Release|Any CPU.ActiveCfg = Release|Any CPU
		{59D6CE8D-56CD-4279-A68D-FD8309793287}.Release|Any CPU.Build.0 = Release|Any CPU
	EndGlobalSection
	GlobalSection(SolutionProperties) = preSolution
		HideSolutionNode = FALSE
	EndGlobalSection
	GlobalSection(ExtensibilityGlobals) = postSolution
		SolutionGuid = {8691473D-0FAE-4837-A12A-55D9A9E5D657}
	EndGlobalSection
EndGlobal
